
Microsoft Visual Studio Solution File, Format Version 12.00
# Visual Studio 15
VisualStudioVersion = 15.0.27130.2026
MinimumVisualStudioVersion = 10.0.40219.1
Project("{FAE04EC0-301F-11D3-BF4B-00C04F79EFBC}") = "Topshelf.Leader", "Topshelf.Leader\Topshelf.Leader.csproj", "{0C2ECDD8-200C-4352-8957-B7E3A3DBDDCD}"
EndProject
Global
	GlobalSection(SolutionConfigurationPlatforms) = preSolution
		Debug|Any CPU = Debug|Any CPU
		Release|Any CPU = Release|Any CPU
	EndGlobalSection
	GlobalSection(ProjectConfigurationPlatforms) = postSolution
		{0C2ECDD8-200C-4352-8957-B7E3A3DBDDCD}.Debug|Any CPU.ActiveCfg = Debug|Any CPU
		{0C2ECDD8-200C-4352-8957-B7E3A3DBDDCD}.Debug|Any CPU.Build.0 = Debug|Any CPU
		{0C2ECDD8-200C-4352-8957-B7E3A3DBDDCD}.Release|Any CPU.ActiveCfg = Release|Any CPU
		{0C2ECDD8-200C-4352-8957-B7E3A3DBDDCD}.Release|Any CPU.Build.0 = Release|Any CPU
	EndGlobalSection
	GlobalSection(SolutionProperties) = preSolution
		HideSolutionNode = FALSE
	EndGlobalSection
	GlobalSection(ExtensibilityGlobals) = postSolution
		SolutionGuid = {A229855F-47DB-4452-B472-3CB84C937A19}
	EndGlobalSection
EndGlobal
